
Microsoft Visual Studio Solution File, Format Version 12.00
# Visual Studio Version 16
VisualStudioVersion = 16.0.29215.179
MinimumVisualStudioVersion = 10.0.40219.1
Project("{FAE04EC0-301F-11D3-BF4B-00C04F79EFBC}") = "Lab2", "Lab2\Lab2.csproj", "{282E5A1D-7EA9-4910-A0BC-C5CA4DFDB7B1}"
EndProject
Global
	GlobalSection(SolutionConfigurationPlatforms) = preSolution
		Debug|Any CPU = Debug|Any CPU
		Release|Any CPU = Release|Any CPU
	EndGlobalSection
	GlobalSection(ProjectConfigurationPlatforms) = postSolution
		{282E5A1D-7EA9-4910-A0BC-C5CA4DFDB7B1}.Debug|Any CPU.ActiveCfg = Debug|Any CPU
		{282E5A1D-7EA9-4910-A0BC-C5CA4DFDB7B1}.Debug|Any CPU.Build.0 = Debug|Any CPU
		{282E5A1D-7EA9-4910-A0BC-C5CA4DFDB7B1}.Release|Any CPU.ActiveCfg = Release|Any CPU
		{282E5A1D-7EA9-4910-A0BC-C5CA4DFDB7B1}.Release|Any CPU.Build.0 = Release|Any CPU
	EndGlobalSection
	GlobalSection(SolutionProperties) = preSolution
		HideSolutionNode = FALSE
	EndGlobalSection
	GlobalSection(ExtensibilityGlobals) = postSolution
		SolutionGuid = {4C0EFC78-3CF7-4DE8-911D-BC1CB62DAA5E}
	EndGlobalSection
EndGlobal
